
Microsoft Visual Studio Solution File, Format Version 12.00
# Visual Studio 2012
Project("{FAE04EC0-301F-11D3-BF4B-00C04F79EFBC}") = "MetroLive.iOS", "iOS\MetroLive.iOS.csproj", "{7C32A18B-6F4E-49C1-992D-E51ED067639B}"
EndProject
Project("{FAE04EC0-301F-11D3-BF4B-00C04F79EFBC}") = "MetroLive.Droid", "Droid\MetroLive.Droid.csproj", "{F1000B8B-2D60-4065-9FA7-41DB116768E3}"
EndProject
Project("{FAE04EC0-301F-11D3-BF4B-00C04F79EFBC}") = "MetroLive.NUnit", "MetroLive.NUnit\MetroLive.NUnit\MetroLive.NUnit.csproj", "{C176EA61-6C23-4097-A416-A6356DE14425}"
EndProject
Project("{FAE04EC0-301F-11D3-BF4B-00C04F79EFBC}") = "MetroLive", "MetroLive\MetroLive.csproj", "{0C9FC272-5BDC-4871-AA93-0EC67513F1C3}"
EndProject
Project("{FAE04EC0-301F-11D3-BF4B-00C04F79EFBC}") = "MetroLive.MacOS", "MacOS\MetroLive.MacOS.csproj", "{80DAAD47-BC11-462C-AD05-A80F30F2F120}"
EndProject
Global
	GlobalSection(SolutionConfigurationPlatforms) = preSolution
		Debug|Any CPU = Debug|Any CPU
		Release|Any CPU = Release|Any CPU
		Debug|iPhoneSimulator = Debug|iPhoneSimulator
		Release|iPhone = Release|iPhone
		Release|iPhoneSimulator = Release|iPhoneSimulator
		Debug|iPhone = Debug|iPhone
	EndGlobalSection
	GlobalSection(ProjectConfigurationPlatforms) = postSolution
		{7C32A18B-6F4E-49C1-992D-E51ED067639B}.Debug|Any CPU.ActiveCfg = Debug|iPhoneSimulator
		{7C32A18B-6F4E-49C1-992D-E51ED067639B}.Debug|Any CPU.Build.0 = Debug|iPhoneSimulator
		{7C32A18B-6F4E-49C1-992D-E51ED067639B}.Release|Any CPU.ActiveCfg = Release|iPhone
		{7C32A18B-6F4E-49C1-992D-E51ED067639B}.Release|Any CPU.Build.0 = Release|iPhone
		{7C32A18B-6F4E-49C1-992D-E51ED067639B}.Debug|iPhoneSimulator.ActiveCfg = Debug|iPhoneSimulator
		{7C32A18B-6F4E-49C1-992D-E51ED067639B}.Debug|iPhoneSimulator.Build.0 = Debug|iPhoneSimulator
		{7C32A18B-6F4E-49C1-992D-E51ED067639B}.Release|iPhone.ActiveCfg = Release|iPhone
		{7C32A18B-6F4E-49C1-992D-E51ED067639B}.Release|iPhone.Build.0 = Release|iPhone
		{7C32A18B-6F4E-49C1-992D-E51ED067639B}.Release|iPhoneSimulator.ActiveCfg = Release|iPhoneSimulator
		{7C32A18B-6F4E-49C1-992D-E51ED067639B}.Release|iPhoneSimulator.Build.0 = Release|iPhoneSimulator
		{7C32A18B-6F4E-49C1-992D-E51ED067639B}.Debug|iPhone.ActiveCfg = Debug|iPhone
		{7C32A18B-6F4E-49C1-992D-E51ED067639B}.Debug|iPhone.Build.0 = Debug|iPhone
		{F1000B8B-2D60-4065-9FA7-41DB116768E3}.Debug|Any CPU.ActiveCfg = Debug|Any CPU
		{F1000B8B-2D60-4065-9FA7-41DB116768E3}.Debug|Any CPU.Build.0 = Debug|Any CPU
		{F1000B8B-2D60-4065-9FA7-41DB116768E3}.Release|Any CPU.ActiveCfg = Release|Any CPU
		{F1000B8B-2D60-4065-9FA7-41DB116768E3}.Release|Any CPU.Build.0 = Release|Any CPU
		{F1000B8B-2D60-4065-9FA7-41DB116768E3}.Debug|iPhoneSimulator.ActiveCfg = Debug|Any CPU
		{F1000B8B-2D60-4065-9FA7-41DB116768E3}.Debug|iPhoneSimulator.Build.0 = Debug|Any CPU
		{F1000B8B-2D60-4065-9FA7-41DB116768E3}.Release|iPhone.ActiveCfg = Release|Any CPU
		{F1000B8B-2D60-4065-9FA7-41DB116768E3}.Release|iPhone.Build.0 = Release|Any CPU
		{F1000B8B-2D60-4065-9FA7-41DB116768E3}.Release|iPhoneSimulator.ActiveCfg = Release|Any CPU
		{F1000B8B-2D60-4065-9FA7-41DB116768E3}.Release|iPhoneSimulator.Build.0 = Release|Any CPU
		{F1000B8B-2D60-4065-9FA7-41DB116768E3}.Debug|iPhone.ActiveCfg = Debug|Any CPU
		{F1000B8B-2D60-4065-9FA7-41DB116768E3}.Debug|iPhone.Build.0 = Debug|Any CPU
		{C176EA61-6C23-4097-A416-A6356DE14425}.Debug|Any CPU.ActiveCfg = Debug|Any CPU
		{C176EA61-6C23-4097-A416-A6356DE14425}.Debug|Any CPU.Build.0 = Debug|Any CPU
		{C176EA61-6C23-4097-A416-A6356DE14425}.Release|Any CPU.ActiveCfg = Release|Any CPU
		{C176EA61-6C23-4097-A416-A6356DE14425}.Release|Any CPU.Build.0 = Release|Any CPU
		{C176EA61-6C23-4097-A416-A6356DE14425}.Debug|iPhoneSimulator.ActiveCfg = Debug|Any CPU
		{C176EA61-6C23-4097-A416-A6356DE14425}.Debug|iPhoneSimulator.Build.0 = Debug|Any CPU
		{C176EA61-6C23-4097-A416-A6356DE14425}.Release|iPhone.ActiveCfg = Release|Any CPU
		{C176EA61-6C23-4097-A416-A6356DE14425}.Release|iPhone.Build.0 = Release|Any CPU
		{C176EA61-6C23-4097-A416-A6356DE14425}.Release|iPhoneSimulator.ActiveCfg = Release|Any CPU
		{C176EA61-6C23-4097-A416-A6356DE14425}.Release|iPhoneSimulator.Build.0 = Release|Any CPU
		{C176EA61-6C23-4097-A416-A6356DE14425}.Debug|iPhone.ActiveCfg = Debug|Any CPU
		{C176EA61-6C23-4097-A416-A6356DE14425}.Debug|iPhone.Build.0 = Debug|Any CPU
		{0C9FC272-5BDC-4871-AA93-0EC67513F1C3}.Debug|Any CPU.ActiveCfg = Debug|Any CPU
		{0C9FC272-5BDC-4871-AA93-0EC67513F1C3}.Debug|Any CPU.Build.0 = Debug|Any CPU
		{0C9FC272-5BDC-4871-AA93-0EC67513F1C3}.Release|Any CPU.ActiveCfg = Release|Any CPU
		{0C9FC272-5BDC-4871-AA93-0EC67513F1C3}.Release|Any CPU.Build.0 = Release|Any CPU
		{0C9FC272-5BDC-4871-AA93-0EC67513F1C3}.Debug|iPhoneSimulator.ActiveCfg = Debug|Any CPU
		{0C9FC272-5BDC-4871-AA93-0EC67513F1C3}.Debug|iPhoneSimulator.Build.0 = Debug|Any CPU
		{0C9FC272-5BDC-4871-AA93-0EC67513F1C3}.Release|iPhone.ActiveCfg = Release|Any CPU
		{0C9FC272-5BDC-4871-AA93-0EC67513F1C3}.Release|iPhone.Build.0 = Release|Any CPU
		{0C9FC272-5BDC-4871-AA93-0EC67513F1C3}.Release|iPhoneSimulator.ActiveCfg = Release|Any CPU
		{0C9FC272-5BDC-4871-AA93-0EC67513F1C3}.Release|iPhoneSimulator.Build.0 = Release|Any CPU
		{0C9FC272-5BDC-4871-AA93-0EC67513F1C3}.Debug|iPhone.ActiveCfg = Debug|Any CPU
		{0C9FC272-5BDC-4871-AA93-0EC67513F1C3}.Debug|iPhone.Build.0 = Debug|Any CPU
		{80DAAD47-BC11-462C-AD05-A80F30F2F120}.Debug|Any CPU.ActiveCfg = Debug|iPhone
		{80DAAD47-BC11-462C-AD05-A80F30F2F120}.Debug|Any CPU.Build.0 = Debug|iPhone
		{80DAAD47-BC11-462C-AD05-A80F30F2F120}.Release|Any CPU.ActiveCfg = Release|iPhone
		{80DAAD47-BC11-462C-AD05-A80F30F2F120}.Release|Any CPU.Build.0 = Release|iPhone
		{80DAAD47-BC11-462C-AD05-A80F30F2F120}.Debug|iPhoneSimulator.ActiveCfg = Debug|iPhone
		{80DAAD47-BC11-462C-AD05-A80F30F2F120}.Debug|iPhoneSimulator.Build.0 = Debug|iPhone
		{80DAAD47-BC11-462C-AD05-A80F30F2F120}.Release|iPhone.ActiveCfg = Release|iPhone
		{80DAAD47-BC11-462C-AD05-A80F30F2F120}.Release|iPhone.Build.0 = Release|iPhone
		{80DAAD47-BC11-462C-AD05-A80F30F2F120}.Release|iPhoneSimulator.ActiveCfg = Release|iPhone
		{80DAAD47-BC11-462C-AD05-A80F30F2F120}.Release|iPhoneSimulator.Build.0 = Release|iPhone
		{80DAAD47-BC11-462C-AD05-A80F30F2F120}.Debug|iPhone.ActiveCfg = Debug|iPhone
		{80DAAD47-BC11-462C-AD05-A80F30F2F120}.Debug|iPhone.Build.0 = Debug|iPhone
	EndGlobalSection
EndGlobal
