
Microsoft Visual Studio Solution File, Format Version 12.00
# Visual Studio 14
VisualStudioVersion = 14.0.25420.1
MinimumVisualStudioVersion = 10.0.40219.1
Project("{FAE04EC0-301F-11D3-BF4B-00C04F79EFBC}") = "MetroLive", "MetroLive\MetroLive\MetroLive.csproj", "{BB5E35A6-FB00-4A95-900E-8C4B8A0B77A9}"
EndProject
Project("{FAE04EC0-301F-11D3-BF4B-00C04F79EFBC}") = "MetroLive.Droid", "MetroLive\MetroLive.Droid\MetroLive.Droid.csproj", "{E1BE6BE5-3E57-4497-B8EC-3AB86C5F5225}"
EndProject
Project("{FAE04EC0-301F-11D3-BF4B-00C04F79EFBC}") = "MetroLive.iOS", "MetroLive\MetroLive.iOS\MetroLive.iOS.csproj", "{05286B19-9D8A-45AD-8CDA-C3148C93E333}"
EndProject
Project("{FAE04EC0-301F-11D3-BF4B-00C04F79EFBC}") = "MetroLive.UWP", "MetroLive\MetroLive.UWP\MetroLive.UWP.csproj", "{C2B70D25-E786-48FF-8ABA-76BC5D285833}"
EndProject
Global
	GlobalSection(SolutionConfigurationPlatforms) = preSolution
		Ad-Hoc|Any CPU = Ad-Hoc|Any CPU
		Ad-Hoc|ARM = Ad-Hoc|ARM
		Ad-Hoc|iPhone = Ad-Hoc|iPhone
		Ad-Hoc|iPhoneSimulator = Ad-Hoc|iPhoneSimulator
		Ad-Hoc|x64 = Ad-Hoc|x64
		Ad-Hoc|x86 = Ad-Hoc|x86
		AppStore|Any CPU = AppStore|Any CPU
		AppStore|ARM = AppStore|ARM
		AppStore|iPhone = AppStore|iPhone
		AppStore|iPhoneSimulator = AppStore|iPhoneSimulator
		AppStore|x64 = AppStore|x64
		AppStore|x86 = AppStore|x86
		Debug|Any CPU = Debug|Any CPU
		Debug|ARM = Debug|ARM
		Debug|iPhone = Debug|iPhone
		Debug|iPhoneSimulator = Debug|iPhoneSimulator
		Debug|x64 = Debug|x64
		Debug|x86 = Debug|x86
		Release|Any CPU = Release|Any CPU
		Release|ARM = Release|ARM
		Release|iPhone = Release|iPhone
		Release|iPhoneSimulator = Release|iPhoneSimulator
		Release|x64 = Release|x64
		Release|x86 = Release|x86
	EndGlobalSection
	GlobalSection(ProjectConfigurationPlatforms) = postSolution
		{BB5E35A6-FB00-4A95-900E-8C4B8A0B77A9}.Ad-Hoc|Any CPU.ActiveCfg = Release|Any CPU
		{BB5E35A6-FB00-4A95-900E-8C4B8A0B77A9}.Ad-Hoc|Any CPU.Build.0 = Release|Any CPU
		{BB5E35A6-FB00-4A95-900E-8C4B8A0B77A9}.Ad-Hoc|ARM.ActiveCfg = Release|Any CPU
		{BB5E35A6-FB00-4A95-900E-8C4B8A0B77A9}.Ad-Hoc|ARM.Build.0 = Release|Any CPU
		{BB5E35A6-FB00-4A95-900E-8C4B8A0B77A9}.Ad-Hoc|iPhone.ActiveCfg = Release|Any CPU
		{BB5E35A6-FB00-4A95-900E-8C4B8A0B77A9}.Ad-Hoc|iPhone.Build.0 = Release|Any CPU
		{BB5E35A6-FB00-4A95-900E-8C4B8A0B77A9}.Ad-Hoc|iPhoneSimulator.ActiveCfg = Release|Any CPU
		{BB5E35A6-FB00-4A95-900E-8C4B8A0B77A9}.Ad-Hoc|iPhoneSimulator.Build.0 = Release|Any CPU
		{BB5E35A6-FB00-4A95-900E-8C4B8A0B77A9}.Ad-Hoc|x64.ActiveCfg = Release|Any CPU
		{BB5E35A6-FB00-4A95-900E-8C4B8A0B77A9}.Ad-Hoc|x64.Build.0 = Release|Any CPU
		{BB5E35A6-FB00-4A95-900E-8C4B8A0B77A9}.Ad-Hoc|x86.ActiveCfg = Release|Any CPU
		{BB5E35A6-FB00-4A95-900E-8C4B8A0B77A9}.Ad-Hoc|x86.Build.0 = Release|Any CPU
		{BB5E35A6-FB00-4A95-900E-8C4B8A0B77A9}.AppStore|Any CPU.ActiveCfg = Release|Any CPU
		{BB5E35A6-FB00-4A95-900E-8C4B8A0B77A9}.AppStore|Any CPU.Build.0 = Release|Any CPU
		{BB5E35A6-FB00-4A95-900E-8C4B8A0B77A9}.AppStore|ARM.ActiveCfg = Release|Any CPU
		{BB5E35A6-FB00-4A95-900E-8C4B8A0B77A9}.AppStore|ARM.Build.0 = Release|Any CPU
		{BB5E35A6-FB00-4A95-900E-8C4B8A0B77A9}.AppStore|iPhone.ActiveCfg = Release|Any CPU
		{BB5E35A6-FB00-4A95-900E-8C4B8A0B77A9}.AppStore|iPhone.Build.0 = Release|Any CPU
		{BB5E35A6-FB00-4A95-900E-8C4B8A0B77A9}.AppStore|iPhoneSimulator.ActiveCfg = Release|Any CPU
		{BB5E35A6-FB00-4A95-900E-8C4B8A0B77A9}.AppStore|iPhoneSimulator.Build.0 = Release|Any CPU
		{BB5E35A6-FB00-4A95-900E-8C4B8A0B77A9}.AppStore|x64.ActiveCfg = Release|Any CPU
		{BB5E35A6-FB00-4A95-900E-8C4B8A0B77A9}.AppStore|x64.Build.0 = Release|Any CPU
		{BB5E35A6-FB00-4A95-900E-8C4B8A0B77A9}.AppStore|x86.ActiveCfg = Release|Any CPU
		{BB5E35A6-FB00-4A95-900E-8C4B8A0B77A9}.AppStore|x86.Build.0 = Release|Any CPU
		{BB5E35A6-FB00-4A95-900E-8C4B8A0B77A9}.Debug|Any CPU.ActiveCfg = Debug|Any CPU
		{BB5E35A6-FB00-4A95-900E-8C4B8A0B77A9}.Debug|Any CPU.Build.0 = Debug|Any CPU
		{BB5E35A6-FB00-4A95-900E-8C4B8A0B77A9}.Debug|ARM.ActiveCfg = Debug|Any CPU
		{BB5E35A6-FB00-4A95-900E-8C4B8A0B77A9}.Debug|ARM.Build.0 = Debug|Any CPU
		{BB5E35A6-FB00-4A95-900E-8C4B8A0B77A9}.Debug|iPhone.ActiveCfg = Debug|Any CPU
		{BB5E35A6-FB00-4A95-900E-8C4B8A0B77A9}.Debug|iPhone.Build.0 = Debug|Any CPU
		{BB5E35A6-FB00-4A95-900E-8C4B8A0B77A9}.Debug|iPhoneSimulator.ActiveCfg = Debug|Any CPU
		{BB5E35A6-FB00-4A95-900E-8C4B8A0B77A9}.Debug|iPhoneSimulator.Build.0 = Debug|Any CPU
		{BB5E35A6-FB00-4A95-900E-8C4B8A0B77A9}.Debug|x64.ActiveCfg = Debug|Any CPU
		{BB5E35A6-FB00-4A95-900E-8C4B8A0B77A9}.Debug|x64.Build.0 = Debug|Any CPU
		{BB5E35A6-FB00-4A95-900E-8C4B8A0B77A9}.Debug|x86.ActiveCfg = Debug|Any CPU
		{BB5E35A6-FB00-4A95-900E-8C4B8A0B77A9}.Debug|x86.Build.0 = Debug|Any CPU
		{BB5E35A6-FB00-4A95-900E-8C4B8A0B77A9}.Release|Any CPU.ActiveCfg = Release|Any CPU
		{BB5E35A6-FB00-4A95-900E-8C4B8A0B77A9}.Release|Any CPU.Build.0 = Release|Any CPU
		{BB5E35A6-FB00-4A95-900E-8C4B8A0B77A9}.Release|ARM.ActiveCfg = Release|Any CPU
		{BB5E35A6-FB00-4A95-900E-8C4B8A0B77A9}.Release|ARM.Build.0 = Release|Any CPU
		{BB5E35A6-FB00-4A95-900E-8C4B8A0B77A9}.Release|iPhone.ActiveCfg = Release|Any CPU
		{BB5E35A6-FB00-4A95-900E-8C4B8A0B77A9}.Release|iPhone.Build.0 = Release|Any CPU
		{BB5E35A6-FB00-4A95-900E-8C4B8A0B77A9}.Release|iPhoneSimulator.ActiveCfg = Release|Any CPU
		{BB5E35A6-FB00-4A95-900E-8C4B8A0B77A9}.Release|iPhoneSimulator.Build.0 = Release|Any CPU
		{BB5E35A6-FB00-4A95-900E-8C4B8A0B77A9}.Release|x64.ActiveCfg = Release|Any CPU
		{BB5E35A6-FB00-4A95-900E-8C4B8A0B77A9}.Release|x64.Build.0 = Release|Any CPU
		{BB5E35A6-FB00-4A95-900E-8C4B8A0B77A9}.Release|x86.ActiveCfg = Release|Any CPU
		{BB5E35A6-FB00-4A95-900E-8C4B8A0B77A9}.Release|x86.Build.0 = Release|Any CPU
		{E1BE6BE5-3E57-4497-B8EC-3AB86C5F5225}.Ad-Hoc|Any CPU.ActiveCfg = Release|Any CPU
		{E1BE6BE5-3E57-4497-B8EC-3AB86C5F5225}.Ad-Hoc|Any CPU.Build.0 = Release|Any CPU
		{E1BE6BE5-3E57-4497-B8EC-3AB86C5F5225}.Ad-Hoc|Any CPU.Deploy.0 = Release|Any CPU
		{E1BE6BE5-3E57-4497-B8EC-3AB86C5F5225}.Ad-Hoc|ARM.ActiveCfg = Release|Any CPU
		{E1BE6BE5-3E57-4497-B8EC-3AB86C5F5225}.Ad-Hoc|ARM.Build.0 = Release|Any CPU
		{E1BE6BE5-3E57-4497-B8EC-3AB86C5F5225}.Ad-Hoc|ARM.Deploy.0 = Release|Any CPU
		{E1BE6BE5-3E57-4497-B8EC-3AB86C5F5225}.Ad-Hoc|iPhone.ActiveCfg = Release|Any CPU
		{E1BE6BE5-3E57-4497-B8EC-3AB86C5F5225}.Ad-Hoc|iPhone.Build.0 = Release|Any CPU
		{E1BE6BE5-3E57-4497-B8EC-3AB86C5F5225}.Ad-Hoc|iPhone.Deploy.0 = Release|Any CPU
		{E1BE6BE5-3E57-4497-B8EC-3AB86C5F5225}.Ad-Hoc|iPhoneSimulator.ActiveCfg = Release|Any CPU
		{E1BE6BE5-3E57-4497-B8EC-3AB86C5F5225}.Ad-Hoc|iPhoneSimulator.Build.0 = Release|Any CPU
		{E1BE6BE5-3E57-4497-B8EC-3AB86C5F5225}.Ad-Hoc|iPhoneSimulator.Deploy.0 = Release|Any CPU
		{E1BE6BE5-3E57-4497-B8EC-3AB86C5F5225}.Ad-Hoc|x64.ActiveCfg = Release|Any CPU
		{E1BE6BE5-3E57-4497-B8EC-3AB86C5F5225}.Ad-Hoc|x64.Build.0 = Release|Any CPU
		{E1BE6BE5-3E57-4497-B8EC-3AB86C5F5225}.Ad-Hoc|x64.Deploy.0 = Release|Any CPU
		{E1BE6BE5-3E57-4497-B8EC-3AB86C5F5225}.Ad-Hoc|x86.ActiveCfg = Release|Any CPU
		{E1BE6BE5-3E57-4497-B8EC-3AB86C5F5225}.Ad-Hoc|x86.Build.0 = Release|Any CPU
		{E1BE6BE5-3E57-4497-B8EC-3AB86C5F5225}.Ad-Hoc|x86.Deploy.0 = Release|Any CPU
		{E1BE6BE5-3E57-4497-B8EC-3AB86C5F5225}.AppStore|Any CPU.ActiveCfg = Release|Any CPU
		{E1BE6BE5-3E57-4497-B8EC-3AB86C5F5225}.AppStore|Any CPU.Build.0 = Release|Any CPU
		{E1BE6BE5-3E57-4497-B8EC-3AB86C5F5225}.AppStore|Any CPU.Deploy.0 = Release|Any CPU
		{E1BE6BE5-3E57-4497-B8EC-3AB86C5F5225}.AppStore|ARM.ActiveCfg = Release|Any CPU
		{E1BE6BE5-3E57-4497-B8EC-3AB86C5F5225}.AppStore|ARM.Build.0 = Release|Any CPU
		{E1BE6BE5-3E57-4497-B8EC-3AB86C5F5225}.AppStore|ARM.Deploy.0 = Release|Any CPU
		{E1BE6BE5-3E57-4497-B8EC-3AB86C5F5225}.AppStore|iPhone.ActiveCfg = Release|Any CPU
		{E1BE6BE5-3E57-4497-B8EC-3AB86C5F5225}.AppStore|iPhone.Build.0 = Release|Any CPU
		{E1BE6BE5-3E57-4497-B8EC-3AB86C5F5225}.AppStore|iPhone.Deploy.0 = Release|Any CPU
		{E1BE6BE5-3E57-4497-B8EC-3AB86C5F5225}.AppStore|iPhoneSimulator.ActiveCfg = Release|Any CPU
		{E1BE6BE5-3E57-4497-B8EC-3AB86C5F5225}.AppStore|iPhoneSimulator.Build.0 = Release|Any CPU
		{E1BE6BE5-3E57-4497-B8EC-3AB86C5F5225}.AppStore|iPhoneSimulator.Deploy.0 = Release|Any CPU
		{E1BE6BE5-3E57-4497-B8EC-3AB86C5F5225}.AppStore|x64.ActiveCfg = Release|Any CPU
		{E1BE6BE5-3E57-4497-B8EC-3AB86C5F5225}.AppStore|x64.Build.0 = Release|Any CPU
		{E1BE6BE5-3E57-4497-B8EC-3AB86C5F5225}.AppStore|x64.Deploy.0 = Release|Any CPU
		{E1BE6BE5-3E57-4497-B8EC-3AB86C5F5225}.AppStore|x86.ActiveCfg = Release|Any CPU
		{E1BE6BE5-3E57-4497-B8EC-3AB86C5F5225}.AppStore|x86.Build.0 = Release|Any CPU
		{E1BE6BE5-3E57-4497-B8EC-3AB86C5F5225}.AppStore|x86.Deploy.0 = Release|Any CPU
		{E1BE6BE5-3E57-4497-B8EC-3AB86C5F5225}.Debug|Any CPU.ActiveCfg = Debug|Any CPU
		{E1BE6BE5-3E57-4497-B8EC-3AB86C5F5225}.Debug|Any CPU.Build.0 = Debug|Any CPU
		{E1BE6BE5-3E57-4497-B8EC-3AB86C5F5225}.Debug|Any CPU.Deploy.0 = Debug|Any CPU
		{E1BE6BE5-3E57-4497-B8EC-3AB86C5F5225}.Debug|ARM.ActiveCfg = Debug|Any CPU
		{E1BE6BE5-3E57-4497-B8EC-3AB86C5F5225}.Debug|ARM.Build.0 = Debug|Any CPU
		{E1BE6BE5-3E57-4497-B8EC-3AB86C5F5225}.Debug|ARM.Deploy.0 = Debug|Any CPU
		{E1BE6BE5-3E57-4497-B8EC-3AB86C5F5225}.Debug|iPhone.ActiveCfg = Debug|Any CPU
		{E1BE6BE5-3E57-4497-B8EC-3AB86C5F5225}.Debug|iPhone.Build.0 = Debug|Any CPU
		{E1BE6BE5-3E57-4497-B8EC-3AB86C5F5225}.Debug|iPhone.Deploy.0 = Debug|Any CPU
		{E1BE6BE5-3E57-4497-B8EC-3AB86C5F5225}.Debug|iPhoneSimulator.ActiveCfg = Debug|Any CPU
		{E1BE6BE5-3E57-4497-B8EC-3AB86C5F5225}.Debug|iPhoneSimulator.Build.0 = Debug|Any CPU
		{E1BE6BE5-3E57-4497-B8EC-3AB86C5F5225}.Debug|iPhoneSimulator.Deploy.0 = Debug|Any CPU
		{E1BE6BE5-3E57-4497-B8EC-3AB86C5F5225}.Debug|x64.ActiveCfg = Debug|Any CPU
		{E1BE6BE5-3E57-4497-B8EC-3AB86C5F5225}.Debug|x64.Build.0 = Debug|Any CPU
		{E1BE6BE5-3E57-4497-B8EC-3AB86C5F5225}.Debug|x64.Deploy.0 = Debug|Any CPU
		{E1BE6BE5-3E57-4497-B8EC-3AB86C5F5225}.Debug|x86.ActiveCfg = Debug|Any CPU
		{E1BE6BE5-3E57-4497-B8EC-3AB86C5F5225}.Debug|x86.Build.0 = Debug|Any CPU
		{E1BE6BE5-3E57-4497-B8EC-3AB86C5F5225}.Debug|x86.Deploy.0 = Debug|Any CPU
		{E1BE6BE5-3E57-4497-B8EC-3AB86C5F5225}.Release|Any CPU.ActiveCfg = Release|Any CPU
		{E1BE6BE5-3E57-4497-B8EC-3AB86C5F5225}.Release|Any CPU.Build.0 = Release|Any CPU
		{E1BE6BE5-3E57-4497-B8EC-3AB86C5F5225}.Release|Any CPU.Deploy.0 = Release|Any CPU
		{E1BE6BE5-3E57-4497-B8EC-3AB86C5F5225}.Release|ARM.ActiveCfg = Release|Any CPU
		{E1BE6BE5-3E57-4497-B8EC-3AB86C5F5225}.Release|ARM.Build.0 = Release|Any CPU
		{E1BE6BE5-3E57-4497-B8EC-3AB86C5F5225}.Release|ARM.Deploy.0 = Release|Any CPU
		{E1BE6BE5-3E57-4497-B8EC-3AB86C5F5225}.Release|iPhone.ActiveCfg = Release|Any CPU
		{E1BE6BE5-3E57-4497-B8EC-3AB86C5F5225}.Release|iPhone.Build.0 = Release|Any CPU
		{E1BE6BE5-3E57-4497-B8EC-3AB86C5F5225}.Release|iPhone.Deploy.0 = Release|Any CPU
		{E1BE6BE5-3E57-4497-B8EC-3AB86C5F5225}.Release|iPhoneSimulator.ActiveCfg = Release|Any CPU
		{E1BE6BE5-3E57-4497-B8EC-3AB86C5F5225}.Release|iPhoneSimulator.Build.0 = Release|Any CPU
		{E1BE6BE5-3E57-4497-B8EC-3AB86C5F5225}.Release|iPhoneSimulator.Deploy.0 = Release|Any CPU
		{E1BE6BE5-3E57-4497-B8EC-3AB86C5F5225}.Release|x64.ActiveCfg = Release|Any CPU
		{E1BE6BE5-3E57-4497-B8EC-3AB86C5F5225}.Release|x64.Build.0 = Release|Any CPU
		{E1BE6BE5-3E57-4497-B8EC-3AB86C5F5225}.Release|x64.Deploy.0 = Release|Any CPU
		{E1BE6BE5-3E57-4497-B8EC-3AB86C5F5225}.Release|x86.ActiveCfg = Release|Any CPU
		{E1BE6BE5-3E57-4497-B8EC-3AB86C5F5225}.Release|x86.Build.0 = Release|Any CPU
		{E1BE6BE5-3E57-4497-B8EC-3AB86C5F5225}.Release|x86.Deploy.0 = Release|Any CPU
		{05286B19-9D8A-45AD-8CDA-C3148C93E333}.Ad-Hoc|Any CPU.ActiveCfg = Ad-Hoc|iPhone
		{05286B19-9D8A-45AD-8CDA-C3148C93E333}.Ad-Hoc|ARM.ActiveCfg = Ad-Hoc|iPhone
		{05286B19-9D8A-45AD-8CDA-C3148C93E333}.Ad-Hoc|iPhone.ActiveCfg = Ad-Hoc|iPhone
		{05286B19-9D8A-45AD-8CDA-C3148C93E333}.Ad-Hoc|iPhone.Build.0 = Ad-Hoc|iPhone
		{05286B19-9D8A-45AD-8CDA-C3148C93E333}.Ad-Hoc|iPhoneSimulator.ActiveCfg = Ad-Hoc|iPhoneSimulator
		{05286B19-9D8A-45AD-8CDA-C3148C93E333}.Ad-Hoc|iPhoneSimulator.Build.0 = Ad-Hoc|iPhoneSimulator
		{05286B19-9D8A-45AD-8CDA-C3148C93E333}.Ad-Hoc|x64.ActiveCfg = Ad-Hoc|iPhone
		{05286B19-9D8A-45AD-8CDA-C3148C93E333}.Ad-Hoc|x86.ActiveCfg = Ad-Hoc|iPhone
		{05286B19-9D8A-45AD-8CDA-C3148C93E333}.AppStore|Any CPU.ActiveCfg = AppStore|iPhone
		{05286B19-9D8A-45AD-8CDA-C3148C93E333}.AppStore|ARM.ActiveCfg = AppStore|iPhone
		{05286B19-9D8A-45AD-8CDA-C3148C93E333}.AppStore|iPhone.ActiveCfg = AppStore|iPhone
		{05286B19-9D8A-45AD-8CDA-C3148C93E333}.AppStore|iPhone.Build.0 = AppStore|iPhone
		{05286B19-9D8A-45AD-8CDA-C3148C93E333}.AppStore|iPhoneSimulator.ActiveCfg = AppStore|iPhoneSimulator
		{05286B19-9D8A-45AD-8CDA-C3148C93E333}.AppStore|iPhoneSimulator.Build.0 = AppStore|iPhoneSimulator
		{05286B19-9D8A-45AD-8CDA-C3148C93E333}.AppStore|x64.ActiveCfg = AppStore|iPhone
		{05286B19-9D8A-45AD-8CDA-C3148C93E333}.AppStore|x86.ActiveCfg = AppStore|iPhone
		{05286B19-9D8A-45AD-8CDA-C3148C93E333}.Debug|Any CPU.ActiveCfg = Debug|iPhone
		{05286B19-9D8A-45AD-8CDA-C3148C93E333}.Debug|ARM.ActiveCfg = Debug|iPhone
		{05286B19-9D8A-45AD-8CDA-C3148C93E333}.Debug|iPhone.ActiveCfg = Debug|iPhone
		{05286B19-9D8A-45AD-8CDA-C3148C93E333}.Debug|iPhone.Build.0 = Debug|iPhone
		{05286B19-9D8A-45AD-8CDA-C3148C93E333}.Debug|iPhoneSimulator.ActiveCfg = Debug|iPhoneSimulator
		{05286B19-9D8A-45AD-8CDA-C3148C93E333}.Debug|iPhoneSimulator.Build.0 = Debug|iPhoneSimulator
		{05286B19-9D8A-45AD-8CDA-C3148C93E333}.Debug|x64.ActiveCfg = Debug|iPhone
		{05286B19-9D8A-45AD-8CDA-C3148C93E333}.Debug|x86.ActiveCfg = Debug|iPhone
		{05286B19-9D8A-45AD-8CDA-C3148C93E333}.Release|Any CPU.ActiveCfg = Release|iPhone
		{05286B19-9D8A-45AD-8CDA-C3148C93E333}.Release|ARM.ActiveCfg = Release|iPhone
		{05286B19-9D8A-45AD-8CDA-C3148C93E333}.Release|iPhone.ActiveCfg = Release|iPhone
		{05286B19-9D8A-45AD-8CDA-C3148C93E333}.Release|iPhone.Build.0 = Release|iPhone
		{05286B19-9D8A-45AD-8CDA-C3148C93E333}.Release|iPhoneSimulator.ActiveCfg = Release|iPhoneSimulator
		{05286B19-9D8A-45AD-8CDA-C3148C93E333}.Release|iPhoneSimulator.Build.0 = Release|iPhoneSimulator
		{05286B19-9D8A-45AD-8CDA-C3148C93E333}.Release|x64.ActiveCfg = Release|iPhone
		{05286B19-9D8A-45AD-8CDA-C3148C93E333}.Release|x86.ActiveCfg = Release|iPhone
		{C2B70D25-E786-48FF-8ABA-76BC5D285833}.Ad-Hoc|Any CPU.ActiveCfg = Release|x86
		{C2B70D25-E786-48FF-8ABA-76BC5D285833}.Ad-Hoc|Any CPU.Build.0 = Release|x86
		{C2B70D25-E786-48FF-8ABA-76BC5D285833}.Ad-Hoc|Any CPU.Deploy.0 = Release|x86
		{C2B70D25-E786-48FF-8ABA-76BC5D285833}.Ad-Hoc|ARM.ActiveCfg = Release|ARM
		{C2B70D25-E786-48FF-8ABA-76BC5D285833}.Ad-Hoc|ARM.Build.0 = Release|ARM
		{C2B70D25-E786-48FF-8ABA-76BC5D285833}.Ad-Hoc|ARM.Deploy.0 = Release|ARM
		{C2B70D25-E786-48FF-8ABA-76BC5D285833}.Ad-Hoc|iPhone.ActiveCfg = Release|x86
		{C2B70D25-E786-48FF-8ABA-76BC5D285833}.Ad-Hoc|iPhone.Build.0 = Release|x86
		{C2B70D25-E786-48FF-8ABA-76BC5D285833}.Ad-Hoc|iPhone.Deploy.0 = Release|x86
		{C2B70D25-E786-48FF-8ABA-76BC5D285833}.Ad-Hoc|iPhoneSimulator.ActiveCfg = Release|x86
		{C2B70D25-E786-48FF-8ABA-76BC5D285833}.Ad-Hoc|iPhoneSimulator.Build.0 = Release|x86
		{C2B70D25-E786-48FF-8ABA-76BC5D285833}.Ad-Hoc|iPhoneSimulator.Deploy.0 = Release|x86
		{C2B70D25-E786-48FF-8ABA-76BC5D285833}.Ad-Hoc|x64.ActiveCfg = Release|x64
		{C2B70D25-E786-48FF-8ABA-76BC5D285833}.Ad-Hoc|x64.Build.0 = Release|x64
		{C2B70D25-E786-48FF-8ABA-76BC5D285833}.Ad-Hoc|x64.Deploy.0 = Release|x64
		{C2B70D25-E786-48FF-8ABA-76BC5D285833}.Ad-Hoc|x86.ActiveCfg = Release|x86
		{C2B70D25-E786-48FF-8ABA-76BC5D285833}.Ad-Hoc|x86.Build.0 = Release|x86
		{C2B70D25-E786-48FF-8ABA-76BC5D285833}.Ad-Hoc|x86.Deploy.0 = Release|x86
		{C2B70D25-E786-48FF-8ABA-76BC5D285833}.AppStore|Any CPU.ActiveCfg = Release|x86
		{C2B70D25-E786-48FF-8ABA-76BC5D285833}.AppStore|Any CPU.Build.0 = Release|x86
		{C2B70D25-E786-48FF-8ABA-76BC5D285833}.AppStore|Any CPU.Deploy.0 = Release|x86
		{C2B70D25-E786-48FF-8ABA-76BC5D285833}.AppStore|ARM.ActiveCfg = Release|ARM
		{C2B70D25-E786-48FF-8ABA-76BC5D285833}.AppStore|ARM.Build.0 = Release|ARM
		{C2B70D25-E786-48FF-8ABA-76BC5D285833}.AppStore|ARM.Deploy.0 = Release|ARM
		{C2B70D25-E786-48FF-8ABA-76BC5D285833}.AppStore|iPhone.ActiveCfg = Release|x86
		{C2B70D25-E786-48FF-8ABA-76BC5D285833}.AppStore|iPhone.Build.0 = Release|x86
		{C2B70D25-E786-48FF-8ABA-76BC5D285833}.AppStore|iPhone.Deploy.0 = Release|x86
		{C2B70D25-E786-48FF-8ABA-76BC5D285833}.AppStore|iPhoneSimulator.ActiveCfg = Release|x86
		{C2B70D25-E786-48FF-8ABA-76BC5D285833}.AppStore|iPhoneSimulator.Build.0 = Release|x86
		{C2B70D25-E786-48FF-8ABA-76BC5D285833}.AppStore|iPhoneSimulator.Deploy.0 = Release|x86
		{C2B70D25-E786-48FF-8ABA-76BC5D285833}.AppStore|x64.ActiveCfg = Release|x64
		{C2B70D25-E786-48FF-8ABA-76BC5D285833}.AppStore|x64.Build.0 = Release|x64
		{C2B70D25-E786-48FF-8ABA-76BC5D285833}.AppStore|x64.Deploy.0 = Release|x64
		{C2B70D25-E786-48FF-8ABA-76BC5D285833}.AppStore|x86.ActiveCfg = Release|x86
		{C2B70D25-E786-48FF-8ABA-76BC5D285833}.AppStore|x86.Build.0 = Release|x86
		{C2B70D25-E786-48FF-8ABA-76BC5D285833}.AppStore|x86.Deploy.0 = Release|x86
		{C2B70D25-E786-48FF-8ABA-76BC5D285833}.Debug|Any CPU.ActiveCfg = Debug|x86
		{C2B70D25-E786-48FF-8ABA-76BC5D285833}.Debug|ARM.ActiveCfg = Debug|ARM
		{C2B70D25-E786-48FF-8ABA-76BC5D285833}.Debug|ARM.Build.0 = Debug|ARM
		{C2B70D25-E786-48FF-8ABA-76BC5D285833}.Debug|ARM.Deploy.0 = Debug|ARM
		{C2B70D25-E786-48FF-8ABA-76BC5D285833}.Debug|iPhone.ActiveCfg = Debug|x86
		{C2B70D25-E786-48FF-8ABA-76BC5D285833}.Debug|iPhoneSimulator.ActiveCfg = Debug|x86
		{C2B70D25-E786-48FF-8ABA-76BC5D285833}.Debug|x64.ActiveCfg = Debug|x64
		{C2B70D25-E786-48FF-8ABA-76BC5D285833}.Debug|x64.Build.0 = Debug|x64
		{C2B70D25-E786-48FF-8ABA-76BC5D285833}.Debug|x64.Deploy.0 = Debug|x64
		{C2B70D25-E786-48FF-8ABA-76BC5D285833}.Debug|x86.ActiveCfg = Debug|x86
		{C2B70D25-E786-48FF-8ABA-76BC5D285833}.Debug|x86.Build.0 = Debug|x86
		{C2B70D25-E786-48FF-8ABA-76BC5D285833}.Debug|x86.Deploy.0 = Debug|x86
		{C2B70D25-E786-48FF-8ABA-76BC5D285833}.Release|Any CPU.ActiveCfg = Release|x86
		{C2B70D25-E786-48FF-8ABA-76BC5D285833}.Release|ARM.ActiveCfg = Release|ARM
		{C2B70D25-E786-48FF-8ABA-76BC5D285833}.Release|ARM.Build.0 = Release|ARM
		{C2B70D25-E786-48FF-8ABA-76BC5D285833}.Release|ARM.Deploy.0 = Release|ARM
		{C2B70D25-E786-48FF-8ABA-76BC5D285833}.Release|iPhone.ActiveCfg = Release|x86
		{C2B70D25-E786-48FF-8ABA-76BC5D285833}.Release|iPhoneSimulator.ActiveCfg = Release|x86
		{C2B70D25-E786-48FF-8ABA-76BC5D285833}.Release|x64.ActiveCfg = Release|x64
		{C2B70D25-E786-48FF-8ABA-76BC5D285833}.Release|x64.Build.0 = Release|x64
		{C2B70D25-E786-48FF-8ABA-76BC5D285833}.Release|x64.Deploy.0 = Release|x64
		{C2B70D25-E786-48FF-8ABA-76BC5D285833}.Release|x86.ActiveCfg = Release|x86
		{C2B70D25-E786-48FF-8ABA-76BC5D285833}.Release|x86.Build.0 = Release|x86
		{C2B70D25-E786-48FF-8ABA-76BC5D285833}.Release|x86.Deploy.0 = Release|x86
	EndGlobalSection
	GlobalSection(SolutionProperties) = preSolution
		HideSolutionNode = FALSE
	EndGlobalSection
EndGlobal
